
Microsoft Visual Studio Solution File, Format Version 12.00
# Visual Studio Version 16
VisualStudioVersion = 16.0.32510.428
MinimumVisualStudioVersion = 10.0.40219.1
Project("{FAE04EC0-301F-11D3-BF4B-00C04F79EFBC}") = "Entities", "Entities\Entities.csproj", "{FF7D0C5B-4460-4BEE-B58B-6C2817762F39}"
EndProject
Project("{FAE04EC0-301F-11D3-BF4B-00C04F79EFBC}") = "MyDatabase", "MyDatabase\MyDatabase.csproj", "{EE99881F-72C2-4216-B181-69FDA1281522}"
EndProject
Project("{FAE04EC0-301F-11D3-BF4B-00C04F79EFBC}") = "Experiments", "Experiments\Experiments.csproj", "{48EA6C45-03A9-46B9-A7AA-662BFE225B44}"
EndProject
Project("{FAE04EC0-301F-11D3-BF4B-00C04F79EFBC}") = "RepositoryService", "RepositoryService\RepositoryService.csproj", "{10BC3FB0-8C24-4D85-8FC4-A2BBBDAD45DF}"
EndProject
Project("{FAE04EC0-301F-11D3-BF4B-00C04F79EFBC}") = "MainWebApp", "MainWebApp\MainWebApp.csproj", "{A404954E-AF2C-4D0A-BEA9-4856FD025D98}"
EndProject
Global
	GlobalSection(SolutionConfigurationPlatforms) = preSolution
		Debug|Any CPU = Debug|Any CPU
		Release|Any CPU = Release|Any CPU
	EndGlobalSection
	GlobalSection(ProjectConfigurationPlatforms) = postSolution
		{FF7D0C5B-4460-4BEE-B58B-6C2817762F39}.Debug|Any CPU.ActiveCfg = Debug|Any CPU
		{FF7D0C5B-4460-4BEE-B58B-6C2817762F39}.Debug|Any CPU.Build.0 = Debug|Any CPU
		{FF7D0C5B-4460-4BEE-B58B-6C2817762F39}.Release|Any CPU.ActiveCfg = Release|Any CPU
		{FF7D0C5B-4460-4BEE-B58B-6C2817762F39}.Release|Any CPU.Build.0 = Release|Any CPU
		{EE99881F-72C2-4216-B181-69FDA1281522}.Debug|Any CPU.ActiveCfg = Debug|Any CPU
		{EE99881F-72C2-4216-B181-69FDA1281522}.Debug|Any CPU.Build.0 = Debug|Any CPU
		{EE99881F-72C2-4216-B181-69FDA1281522}.Release|Any CPU.ActiveCfg = Release|Any CPU
		{EE99881F-72C2-4216-B181-69FDA1281522}.Release|Any CPU.Build.0 = Release|Any CPU
		{48EA6C45-03A9-46B9-A7AA-662BFE225B44}.Debug|Any CPU.ActiveCfg = Debug|Any CPU
		{48EA6C45-03A9-46B9-A7AA-662BFE225B44}.Debug|Any CPU.Build.0 = Debug|Any CPU
		{48EA6C45-03A9-46B9-A7AA-662BFE225B44}.Release|Any CPU.ActiveCfg = Release|Any CPU
		{48EA6C45-03A9-46B9-A7AA-662BFE225B44}.Release|Any CPU.Build.0 = Release|Any CPU
		{10BC3FB0-8C24-4D85-8FC4-A2BBBDAD45DF}.Debug|Any CPU.ActiveCfg = Debug|Any CPU
		{10BC3FB0-8C24-4D85-8FC4-A2BBBDAD45DF}.Debug|Any CPU.Build.0 = Debug|Any CPU
		{10BC3FB0-8C24-4D85-8FC4-A2BBBDAD45DF}.Release|Any CPU.ActiveCfg = Release|Any CPU
		{10BC3FB0-8C24-4D85-8FC4-A2BBBDAD45DF}.Release|Any CPU.Build.0 = Release|Any CPU
		{A404954E-AF2C-4D0A-BEA9-4856FD025D98}.Debug|Any CPU.ActiveCfg = Debug|Any CPU
		{A404954E-AF2C-4D0A-BEA9-4856FD025D98}.Debug|Any CPU.Build.0 = Debug|Any CPU
		{A404954E-AF2C-4D0A-BEA9-4856FD025D98}.Release|Any CPU.ActiveCfg = Release|Any CPU
		{A404954E-AF2C-4D0A-BEA9-4856FD025D98}.Release|Any CPU.Build.0 = Release|Any CPU
	EndGlobalSection
	GlobalSection(SolutionProperties) = preSolution
		HideSolutionNode = FALSE
	EndGlobalSection
	GlobalSection(ExtensibilityGlobals) = postSolution
		SolutionGuid = {6FDECDFF-F50F-4EBF-96D5-3C0906235FB0}
	EndGlobalSection
EndGlobal
